{
  "name": "cvat",
  "version": "1.0.0",
  "lockfileVersion": 1,
  "requires": true,
  "dependencies": {
    "async": {
      "version": "3.2.0",
      "resolved": "https://registry.npmjs.org/async/-/async-3.2.0.tgz",
      "integrity": "sha512-TR2mEZFVOj2pLStYxLht7TyfuRzaydfpxr3k9RpHIzMgw7A64dzsdqCxH1WJyQdoe8T10nDXd9wnEigmiuHIZw=="
    },
    "ci": {
      "version": "1.0.0",
      "resolved": "https://registry.npmjs.org/ci/-/ci-1.0.0.tgz",
      "integrity": "sha1-S8xb8S2CBgDxKxy7sdjNOz8PaMw=",
      "requires": {
        "events": "*",
        "gitwin": "*",
        "msbuild": "*"
      }
    },
    "colors": {
      "version": "1.4.0",
      "resolved": "https://registry.npmjs.org/colors/-/colors-1.4.0.tgz",
      "integrity": "sha512-a+UqTh4kgZg/SlGvfbzDHpgRu7AAQOmmqRHJnxhRZICKFUT91brVhNNt58CMWU9PsBbv3PDCZUHbVxuDiH2mtA=="
    },
    "events": {
      "version": "3.2.0",
      "resolved": "https://registry.npmjs.org/events/-/events-3.2.0.tgz",
      "integrity": "sha512-/46HWwbfCX2xTawVfkKLGxMifJYQBWMwY1mjywRtb4c9x8l5NP3KoJtnIOiL1hfdRkIuYhETxQlo62IF8tcnlg=="
    },
    "gitwin": {
      "version": "0.2.0",
      "resolved": "https://registry.npmjs.org/gitwin/-/gitwin-0.2.0.tgz",
      "integrity": "sha1-i4BgJITNWW9/C5e5h2UdluixxuM=",
      "requires": {
        "colors": "*",
        "events": "*"
      }
    },
    "msbuild": {
      "version": "1.1.3",
      "resolved": "https://registry.npmjs.org/msbuild/-/msbuild-1.1.3.tgz",
      "integrity": "sha512-oRQkgexmys69ox0gTRc4KdecFtzMBRNMwMyaJhwQggCnYQRjdecI1tyEdiI3KiDOBwtFVFcjpUCbYtiLQGsIHQ==",
      "requires": {
        "async": "*",
        "colors": "*",
        "events": "*"
      }
    }
  }
}
